
Microsoft Visual Studio Solution File, Format Version 12.00
Project("{2150E333-8FDC-42A3-9474-1A3956D46DE8}") = "src", "src", "{913198E7-A730-4109-816F-00E754FC2AE2}"
EndProject
Project("{FAE04EC0-301F-11D3-BF4B-00C04F79EFBC}") = "Endpoint.Api", "src\Endpoint.Api\Endpoint.Api.csproj", "{238C37D6-B087-4411-A41F-F321227CEDD5}"
EndProject
Project("{2150E333-8FDC-42A3-9474-1A3956D46DE8}") = "Solution Items", "Solution Items", "{55E39DB8-A92E-4468-839B-8C60CD5E5A5E}"
	ProjectSection(SolutionItems) = preProject
		docker-compose.yml = docker-compose.yml
	EndProjectSection
EndProject
Global
	GlobalSection(SolutionConfigurationPlatforms) = preSolution
		Debug|Any CPU = Debug|Any CPU
		Release|Any CPU = Release|Any CPU
	EndGlobalSection
	GlobalSection(NestedProjects) = preSolution
		{238C37D6-B087-4411-A41F-F321227CEDD5} = {913198E7-A730-4109-816F-00E754FC2AE2}
	EndGlobalSection
	GlobalSection(ProjectConfigurationPlatforms) = postSolution
		{238C37D6-B087-4411-A41F-F321227CEDD5}.Debug|Any CPU.ActiveCfg = Debug|Any CPU
		{238C37D6-B087-4411-A41F-F321227CEDD5}.Debug|Any CPU.Build.0 = Debug|Any CPU
		{238C37D6-B087-4411-A41F-F321227CEDD5}.Release|Any CPU.ActiveCfg = Release|Any CPU
		{238C37D6-B087-4411-A41F-F321227CEDD5}.Release|Any CPU.Build.0 = Release|Any CPU
	EndGlobalSection
EndGlobal
